
Microsoft Visual Studio Solution File, Format Version 12.00
# Visual Studio Version 16
VisualStudioVersion = 16.0.33214.272
MinimumVisualStudioVersion = 10.0.40219.1
Project("{2150E333-8FDC-42A3-9474-1A3956D46DE8}") = "Applications", "Applications", "{56264656-CD10-491B-BAD4-E6F095794632}"
EndProject
Project("{2150E333-8FDC-42A3-9474-1A3956D46DE8}") = "Libraries", "Libraries", "{749CFFD9-04EF-4D51-8274-97097564BCED}"
EndProject
Project("{FAE04EC0-301F-11D3-BF4B-00C04F79EFBC}") = "20T1020413.Web", "20T1020413.Web\20T1020413.Web.csproj", "{B3C2CEE8-E1DF-4F1F-968B-D1AD1638B5DA}"
EndProject
Project("{FAE04EC0-301F-11D3-BF4B-00C04F79EFBC}") = "20T1020413.DomainModels", "20T1020413.DomainModels\20T1020413.DomainModels.csproj", "{1E9A8B28-0EC2-4222-B93B-DA9E70804C60}"
EndProject
Project("{FAE04EC0-301F-11D3-BF4B-00C04F79EFBC}") = "20T1020413.DataLayers", "20T1020413.DataLayers\20T1020413.DataLayers.csproj", "{29FC1147-9ED6-42D3-90AD-FA3EA4B5B62D}"
EndProject
Project("{FAE04EC0-301F-11D3-BF4B-00C04F79EFBC}") = "20T1020413.BusinessLayers", "20T1020413.BusinessLayers\20T1020413.BusinessLayers.csproj", "{27F0A599-8FC5-4B42-9B64-BA17CFE74D6F}"
EndProject
Global
	GlobalSection(SolutionConfigurationPlatforms) = preSolution
		Debug|Any CPU = Debug|Any CPU
		Release|Any CPU = Release|Any CPU
	EndGlobalSection
	GlobalSection(ProjectConfigurationPlatforms) = postSolution
		{B3C2CEE8-E1DF-4F1F-968B-D1AD1638B5DA}.Debug|Any CPU.ActiveCfg = Debug|Any CPU
		{B3C2CEE8-E1DF-4F1F-968B-D1AD1638B5DA}.Debug|Any CPU.Build.0 = Debug|Any CPU
		{B3C2CEE8-E1DF-4F1F-968B-D1AD1638B5DA}.Release|Any CPU.ActiveCfg = Release|Any CPU
		{B3C2CEE8-E1DF-4F1F-968B-D1AD1638B5DA}.Release|Any CPU.Build.0 = Release|Any CPU
		{1E9A8B28-0EC2-4222-B93B-DA9E70804C60}.Debug|Any CPU.ActiveCfg = Debug|Any CPU
		{1E9A8B28-0EC2-4222-B93B-DA9E70804C60}.Debug|Any CPU.Build.0 = Debug|Any CPU
		{1E9A8B28-0EC2-4222-B93B-DA9E70804C60}.Release|Any CPU.ActiveCfg = Release|Any CPU
		{1E9A8B28-0EC2-4222-B93B-DA9E70804C60}.Release|Any CPU.Build.0 = Release|Any CPU
		{29FC1147-9ED6-42D3-90AD-FA3EA4B5B62D}.Debug|Any CPU.ActiveCfg = Debug|Any CPU
		{29FC1147-9ED6-42D3-90AD-FA3EA4B5B62D}.Debug|Any CPU.Build.0 = Debug|Any CPU
		{29FC1147-9ED6-42D3-90AD-FA3EA4B5B62D}.Release|Any CPU.ActiveCfg = Release|Any CPU
		{29FC1147-9ED6-42D3-90AD-FA3EA4B5B62D}.Release|Any CPU.Build.0 = Release|Any CPU
		{27F0A599-8FC5-4B42-9B64-BA17CFE74D6F}.Debug|Any CPU.ActiveCfg = Debug|Any CPU
		{27F0A599-8FC5-4B42-9B64-BA17CFE74D6F}.Debug|Any CPU.Build.0 = Debug|Any CPU
		{27F0A599-8FC5-4B42-9B64-BA17CFE74D6F}.Release|Any CPU.ActiveCfg = Release|Any CPU
		{27F0A599-8FC5-4B42-9B64-BA17CFE74D6F}.Release|Any CPU.Build.0 = Release|Any CPU
	EndGlobalSection
	GlobalSection(SolutionProperties) = preSolution
		HideSolutionNode = FALSE
	EndGlobalSection
	GlobalSection(NestedProjects) = preSolution
		{B3C2CEE8-E1DF-4F1F-968B-D1AD1638B5DA} = {56264656-CD10-491B-BAD4-E6F095794632}
		{1E9A8B28-0EC2-4222-B93B-DA9E70804C60} = {749CFFD9-04EF-4D51-8274-97097564BCED}
		{29FC1147-9ED6-42D3-90AD-FA3EA4B5B62D} = {749CFFD9-04EF-4D51-8274-97097564BCED}
		{27F0A599-8FC5-4B42-9B64-BA17CFE74D6F} = {749CFFD9-04EF-4D51-8274-97097564BCED}
	EndGlobalSection
	GlobalSection(ExtensibilityGlobals) = postSolution
		SolutionGuid = {9A0719A4-B512-44F1-BA2B-36110215A13D}
	EndGlobalSection
EndGlobal
